
Microsoft Visual Studio Solution File, Format Version 12.00
# Visual Studio 15
VisualStudioVersion = 15.0.28010.2003
MinimumVisualStudioVersion = 10.0.40219.1
Project("{FAE04EC0-301F-11D3-BF4B-00C04F79EFBC}") = "TokenBasedOAuth.Web", "TokenBasedOAuth.Web\TokenBasedOAuth.Web.csproj", "{5226A3CF-B26B-419F-A156-5BEF6D675E4D}"
EndProject
Global
	GlobalSection(SolutionConfigurationPlatforms) = preSolution
		Debug|Any CPU = Debug|Any CPU
		Release|Any CPU = Release|Any CPU
	EndGlobalSection
	GlobalSection(ProjectConfigurationPlatforms) = postSolution
		{5226A3CF-B26B-419F-A156-5BEF6D675E4D}.Debug|Any CPU.ActiveCfg = Debug|Any CPU
		{5226A3CF-B26B-419F-A156-5BEF6D675E4D}.Debug|Any CPU.Build.0 = Debug|Any CPU
		{5226A3CF-B26B-419F-A156-5BEF6D675E4D}.Release|Any CPU.ActiveCfg = Release|Any CPU
		{5226A3CF-B26B-419F-A156-5BEF6D675E4D}.Release|Any CPU.Build.0 = Release|Any CPU
	EndGlobalSection
	GlobalSection(SolutionProperties) = preSolution
		HideSolutionNode = FALSE
	EndGlobalSection
	GlobalSection(ExtensibilityGlobals) = postSolution
		SolutionGuid = {D0E1EC7C-00F9-43F5-8E0D-F63F7996C687}
	EndGlobalSection
EndGlobal
